
Microsoft Visual Studio Solution File, Format Version 12.00
# Visual Studio 15
VisualStudioVersion = 15.0.28307.645
MinimumVisualStudioVersion = 10.0.40219.1
Project("{FAE04EC0-301F-11D3-BF4B-00C04F79EFBC}") = "TestProject", "TestProject\TestProject.csproj", "{1E7F279A-E47D-40DC-9A21-7680F5EC7FC8}"
EndProject
Global
	GlobalSection(SolutionConfigurationPlatforms) = preSolution
		Debug|Any CPU = Debug|Any CPU
		Release|Any CPU = Release|Any CPU
	EndGlobalSection
	GlobalSection(ProjectConfigurationPlatforms) = postSolution
		{1E7F279A-E47D-40DC-9A21-7680F5EC7FC8}.Debug|Any CPU.ActiveCfg = Debug|Any CPU
		{1E7F279A-E47D-40DC-9A21-7680F5EC7FC8}.Debug|Any CPU.Build.0 = Debug|Any CPU
		{1E7F279A-E47D-40DC-9A21-7680F5EC7FC8}.Release|Any CPU.ActiveCfg = Release|Any CPU
		{1E7F279A-E47D-40DC-9A21-7680F5EC7FC8}.Release|Any CPU.Build.0 = Release|Any CPU
	EndGlobalSection
	GlobalSection(SolutionProperties) = preSolution
		HideSolutionNode = FALSE
	EndGlobalSection
	GlobalSection(ExtensibilityGlobals) = postSolution
		SolutionGuid = {FC6C0BE0-24CB-400B-A45A-31723753D134}
	EndGlobalSection
EndGlobal
